// !$*UTF8*$!
{
	archiveVersion = 1;
	classes = {
	};
	objectVersion = 56;
	objects = {

/* Begin PBXBuildFile section */
		2A9758C72EDC01B700146970 /* ShowroomLogo.swift in Sources */ = {isa = PBXBuildFile; fileRef = 2A9758C62EDC01B700146970 /* ShowroomLogo.swift */; };
		2A9758C92EDEA54000146970 /* VideoRecorder.swift in Sources */ = {isa = PBXBuildFile; fileRef = 2A9758C82EDEA54000146970 /* VideoRecorder.swift */; };
		APP001 /* NextlynScanApp.swift in Sources */ = {isa = PBXBuildFile; fileRef = SRC001 /* NextlynScanApp.swift */; };
		APP002 /* ContentView.swift in Sources */ = {isa = PBXBuildFile; fileRef = SRC002 /* ContentView.swift */; };
		APP003 /* Config.swift in Sources */ = {isa = PBXBuildFile; fileRef = SRC003 /* Config.swift */; };
		ASSETS001 /* Assets.xcassets in Resources */ = {isa = PBXBuildFile; fileRef = ASSETS_REF /* Assets.xcassets */; };
		FEA001 /* OnboardingView.swift in Sources */ = {isa = PBXBuildFile; fileRef = SRC030 /* OnboardingView.swift */; };
		FEA002 /* CustomerInfoView.swift in Sources */ = {isa = PBXBuildFile; fileRef = SRC031 /* CustomerInfoView.swift */; };
		FEA003 /* ScanningView.swift in Sources */ = {isa = PBXBuildFile; fileRef = SRC032 /* ScanningView.swift */; };
		FEA004 /* SelectionView.swift in Sources */ = {isa = PBXBuildFile; fileRef = SRC033 /* SelectionView.swift */; };
		FEA005 /* ReviewView.swift in Sources */ = {isa = PBXBuildFile; fileRef = SRC034 /* ReviewView.swift */; };
		FEA006 /* SubmissionView.swift in Sources */ = {isa = PBXBuildFile; fileRef = SRC035 /* SubmissionView.swift */; };
		FEA007 /* SuccessView.swift in Sources */ = {isa = PBXBuildFile; fileRef = SRC036 /* SuccessView.swift */; };
		FPR001 /* FloorPlanRenderer.swift in Sources */ = {isa = PBXBuildFile; fileRef = SRC037 /* FloorPlanRenderer.swift */; };
		GLB001 /* GLBExporter.swift in Sources */ = {isa = PBXBuildFile; fileRef = SRC038 /* GLBExporter.swift */; };
		MOD001 /* ShowroomConfig.swift in Sources */ = {isa = PBXBuildFile; fileRef = SRC010 /* ShowroomConfig.swift */; };
		MOD002 /* ProjectSubmission.swift in Sources */ = {isa = PBXBuildFile; fileRef = SRC011 /* ProjectSubmission.swift */; };
		SVC001 /* APIService.swift in Sources */ = {isa = PBXBuildFile; fileRef = SRC020 /* APIService.swift */; };
		SVC002 /* AppState.swift in Sources */ = {isa = PBXBuildFile; fileRef = SRC021 /* AppState.swift */; };
/* End PBXBuildFile section */

/* Begin PBXFileReference section */
		2A9758C62EDC01B700146970 /* ShowroomLogo.swift */ = {isa = PBXFileReference; lastKnownFileType = sourcecode.swift; path = ShowroomLogo.swift; sourceTree = "<group>"; };
		2A9758C82EDEA54000146970 /* VideoRecorder.swift */ = {isa = PBXFileReference; lastKnownFileType = sourcecode.swift; path = VideoRecorder.swift; sourceTree = "<group>"; };
		ASSETS_REF /* Assets.xcassets */ = {isa = PBXFileReference; lastKnownFileType = folder.assetcatalog; path = Assets.xcassets; sourceTree = "<group>"; };
		INFO001 /* Info.plist */ = {isa = PBXFileReference; lastKnownFileType = text.plist.xml; path = Info.plist; sourceTree = "<group>"; };
		PROD001 /* NextlynScan.app */ = {isa = PBXFileReference; explicitFileType = wrapper.application; includeInIndex = 0; path = NextlynScan.app; sourceTree = BUILT_PRODUCTS_DIR; };
		SRC001 /* NextlynScanApp.swift */ = {isa = PBXFileReference; lastKnownFileType = sourcecode.swift; path = NextlynScanApp.swift; sourceTree = "<group>"; };
		SRC002 /* ContentView.swift */ = {isa = PBXFileReference; lastKnownFileType = sourcecode.swift; path = ContentView.swift; sourceTree = "<group>"; };
		SRC003 /* Config.swift */ = {isa = PBXFileReference; lastKnownFileType = sourcecode.swift; path = Config.swift; sourceTree = "<group>"; };
		SRC010 /* ShowroomConfig.swift */ = {isa = PBXFileReference; lastKnownFileType = sourcecode.swift; path = ShowroomConfig.swift; sourceTree = "<group>"; };
		SRC011 /* ProjectSubmission.swift */ = {isa = PBXFileReference; lastKnownFileType = sourcecode.swift; path = ProjectSubmission.swift; sourceTree = "<group>"; };
		SRC020 /* APIService.swift */ = {isa = PBXFileReference; lastKnownFileType = sourcecode.swift; path = APIService.swift; sourceTree = "<group>"; };
		SRC021 /* AppState.swift */ = {isa = PBXFileReference; lastKnownFileType = sourcecode.swift; path = AppState.swift; sourceTree = "<group>"; };
		SRC030 /* OnboardingView.swift */ = {isa = PBXFileReference; lastKnownFileType = sourcecode.swift; path = OnboardingView.swift; sourceTree = "<group>"; };
		SRC031 /* CustomerInfoView.swift */ = {isa = PBXFileReference; lastKnownFileType = sourcecode.swift; path = CustomerInfoView.swift; sourceTree = "<group>"; };
		SRC032 /* ScanningView.swift */ = {isa = PBXFileReference; lastKnownFileType = sourcecode.swift; path = ScanningView.swift; sourceTree = "<group>"; };
		SRC033 /* SelectionView.swift */ = {isa = PBXFileReference; lastKnownFileType = sourcecode.swift; path = SelectionView.swift; sourceTree = "<group>"; };
		SRC034 /* ReviewView.swift */ = {isa = PBXFileReference; lastKnownFileType = sourcecode.swift; path = ReviewView.swift; sourceTree = "<group>"; };
		SRC035 /* SubmissionView.swift */ = {isa = PBXFileReference; lastKnownFileType = sourcecode.swift; path = SubmissionView.swift; sourceTree = "<group>"; };
		SRC036 /* SuccessView.swift */ = {isa = PBXFileReference; lastKnownFileType = sourcecode.swift; path = SuccessView.swift; sourceTree = "<group>"; };
		SRC037 /* FloorPlanRenderer.swift */ = {isa = PBXFileReference; lastKnownFileType = sourcecode.swift; path = FloorPlanRenderer.swift; sourceTree = "<group>"; };
		SRC038 /* GLBExporter.swift */ = {isa = PBXFileReference; lastKnownFileType = sourcecode.swift; path = GLBExporter.swift; sourceTree = "<group>"; };
/* End PBXFileReference section */

/* Begin PBXFrameworksBuildPhase section */
		FRMWK001 /* Frameworks */ = {
			isa = PBXFrameworksBuildPhase;
			buildActionMask = 2147483647;
			files = (
			);
			runOnlyForDeploymentPostprocessing = 0;
		};
/* End PBXFrameworksBuildPhase section */

/* Begin PBXGroup section */
		GRP001 /* NextlynScan */ = {
			isa = PBXGroup;
			children = (
				2A9758C62EDC01B700146970 /* ShowroomLogo.swift */,
				GRP_APP /* App */,
				GRP_CORE /* Core */,
				GRP_FEAT /* Features */,
				GRP_MOD /* Models */,
				GRP_SVC /* Services */,
				GRP_RES /* Resources */,
				ASSETS_REF /* Assets.xcassets */,
				SRC003 /* Config.swift */,
				INFO001 /* Info.plist */,
			);
			path = NextlynScan;
			sourceTree = "<group>";
		};
		GRP_APP /* App */ = {
			isa = PBXGroup;
			children = (
				SRC001 /* NextlynScanApp.swift */,
				SRC002 /* ContentView.swift */,
			);
			path = App;
			sourceTree = "<group>";
		};
		GRP_CORE /* Core */ = {
			isa = PBXGroup;
			children = (
				GRP_EXT /* Extensions */,
				GRP_UTL /* Utilities */,
				GRP_NET /* Networking */,
			);
			path = Core;
			sourceTree = "<group>";
		};
		GRP_CUS /* CustomerInfo */ = {
			isa = PBXGroup;
			children = (
				SRC031 /* CustomerInfoView.swift */,
			);
			path = CustomerInfo;
			sourceTree = "<group>";
		};
		GRP_EXT /* Extensions */ = {
			isa = PBXGroup;
			children = (
			);
			path = Extensions;
			sourceTree = "<group>";
		};
		GRP_FEAT /* Features */ = {
			isa = PBXGroup;
			children = (
				GRP_ONB /* Onboarding */,
				GRP_CUS /* CustomerInfo */,
				GRP_SCN /* Scanning */,
				GRP_SEL /* Selection */,
				GRP_SUB /* Submission */,
			);
			path = Features;
			sourceTree = "<group>";
		};
		GRP_MOD /* Models */ = {
			isa = PBXGroup;
			children = (
				SRC010 /* ShowroomConfig.swift */,
				SRC011 /* ProjectSubmission.swift */,
			);
			path = Models;
			sourceTree = "<group>";
		};
		GRP_NET /* Networking */ = {
			isa = PBXGroup;
			children = (
			);
			path = Networking;
			sourceTree = "<group>";
		};
		GRP_ONB /* Onboarding */ = {
			isa = PBXGroup;
			children = (
				SRC030 /* OnboardingView.swift */,
			);
			path = Onboarding;
			sourceTree = "<group>";
		};
		GRP_PROD /* Products */ = {
			isa = PBXGroup;
			children = (
				PROD001 /* NextlynScan.app */,
			);
			name = Products;
			sourceTree = "<group>";
		};
		GRP_RES /* Resources */ = {
			isa = PBXGroup;
			children = (
			);
			path = Resources;
			sourceTree = "<group>";
		};
		GRP_SCN /* Scanning */ = {
			isa = PBXGroup;
			children = (
				SRC032 /* ScanningView.swift */,
				SRC037 /* FloorPlanRenderer.swift */,
				SRC038 /* GLBExporter.swift */,
				2A9758C82EDEA54000146970 /* VideoRecorder.swift */,
			);
			path = Scanning;
			sourceTree = "<group>";
		};
		GRP_SEL /* Selection */ = {
			isa = PBXGroup;
			children = (
				SRC033 /* SelectionView.swift */,
			);
			path = Selection;
			sourceTree = "<group>";
		};
		GRP_SUB /* Submission */ = {
			isa = PBXGroup;
			children = (
				SRC034 /* ReviewView.swift */,
				SRC035 /* SubmissionView.swift */,
				SRC036 /* SuccessView.swift */,
			);
			path = Submission;
			sourceTree = "<group>";
		};
		GRP_SVC /* Services */ = {
			isa = PBXGroup;
			children = (
				SRC020 /* APIService.swift */,
				SRC021 /* AppState.swift */,
			);
			path = Services;
			sourceTree = "<group>";
		};
		GRP_UTL /* Utilities */ = {
			isa = PBXGroup;
			children = (
			);
			path = Utilities;
			sourceTree = "<group>";
		};
		ROOT001 = {
			isa = PBXGroup;
			children = (
				GRP001 /* NextlynScan */,
				GRP_PROD /* Products */,
			);
			sourceTree = "<group>";
		};
/* End PBXGroup section */

/* Begin PBXNativeTarget section */
		TGT001 /* NextlynScan */ = {
			isa = PBXNativeTarget;
			buildConfigurationList = CFG_LST001 /* Build configuration list for PBXNativeTarget "NextlynScan" */;
			buildPhases = (
				SRC_PHS001 /* Sources */,
				FRMWK001 /* Frameworks */,
				RES_PHS001 /* Resources */,
			);
			buildRules = (
			);
			dependencies = (
			);
			name = NextlynScan;
			productName = NextlynScan;
			productReference = PROD001 /* NextlynScan.app */;
			productType = "com.apple.product-type.application";
		};
/* End PBXNativeTarget section */

/* Begin PBXProject section */
		PRJ001 /* Project object */ = {
			isa = PBXProject;
			attributes = {
				BuildIndependentTargetsInParallel = 1;
				LastSwiftUpdateCheck = 1500;
				LastUpgradeCheck = 2610;
				TargetAttributes = {
					TGT001 = {
						CreatedOnToolsVersion = 15.0;
					};
				};
			};
			buildConfigurationList = CFG_LST_PRJ /* Build configuration list for PBXProject "NextlynScan" */;
			compatibilityVersion = "Xcode 14.0";
			developmentRegion = en;
			hasScannedForEncodings = 0;
			knownRegions = (
				en,
				Base,
			);
			mainGroup = ROOT001;
			productRefGroup = GRP_PROD /* Products */;
			projectDirPath = "";
			projectRoot = "";
			targets = (
				TGT001 /* NextlynScan */,
			);
		};
/* End PBXProject section */

/* Begin PBXResourcesBuildPhase section */
		RES_PHS001 /* Resources */ = {
			isa = PBXResourcesBuildPhase;
			buildActionMask = 2147483647;
			files = (
				ASSETS001 /* Assets.xcassets in Resources */,
			);
			runOnlyForDeploymentPostprocessing = 0;
		};
/* End PBXResourcesBuildPhase section */

/* Begin PBXSourcesBuildPhase section */
		SRC_PHS001 /* Sources */ = {
			isa = PBXSourcesBuildPhase;
			buildActionMask = 2147483647;
			files = (
				APP001 /* NextlynScanApp.swift in Sources */,
				APP002 /* ContentView.swift in Sources */,
				APP003 /* Config.swift in Sources */,
				MOD001 /* ShowroomConfig.swift in Sources */,
				MOD002 /* ProjectSubmission.swift in Sources */,
				SVC001 /* APIService.swift in Sources */,
				SVC002 /* AppState.swift in Sources */,
				FEA001 /* OnboardingView.swift in Sources */,
				FEA002 /* CustomerInfoView.swift in Sources */,
				FEA003 /* ScanningView.swift in Sources */,
				FEA004 /* SelectionView.swift in Sources */,
				FEA005 /* ReviewView.swift in Sources */,
				FEA006 /* SubmissionView.swift in Sources */,
				2A9758C72EDC01B700146970 /* ShowroomLogo.swift in Sources */,
				FEA007 /* SuccessView.swift in Sources */,
				FPR001 /* FloorPlanRenderer.swift in Sources */,
				GLB001 /* GLBExporter.swift in Sources */,
				2A9758C92EDEA54000146970 /* VideoRecorder.swift in Sources */,
			);
			runOnlyForDeploymentPostprocessing = 0;
		};
/* End PBXSourcesBuildPhase section */

/* Begin XCBuildConfiguration section */
		CFG_DBG /* Debug */ = {
			isa = XCBuildConfiguration;
			buildSettings = {
				ALWAYS_SEARCH_USER_PATHS = NO;
				ASSETCATALOG_COMPILER_GENERATE_SWIFT_ASSET_SYMBOL_EXTENSIONS = YES;
				CLANG_ANALYZER_NONNULL = YES;
				CLANG_ANALYZER_NUMBER_OBJECT_CONVERSION = YES_AGGRESSIVE;
				CLANG_CXX_LANGUAGE_STANDARD = "gnu++20";
				CLANG_ENABLE_MODULES = YES;
				CLANG_ENABLE_OBJC_ARC = YES;
				CLANG_ENABLE_OBJC_WEAK = YES;
				CLANG_WARN_BLOCK_CAPTURE_AUTORELEASING = YES;
				CLANG_WARN_BOOL_CONVERSION = YES;
				CLANG_WARN_COMMA = YES;
				CLANG_WARN_CONSTANT_CONVERSION = YES;
				CLANG_WARN_DEPRECATED_OBJC_IMPLEMENTATIONS = YES;
				CLANG_WARN_DIRECT_OBJC_ISA_USAGE = YES_ERROR;
				CLANG_WARN_DOCUMENTATION_COMMENTS = YES;
				CLANG_WARN_EMPTY_BODY = YES;
				CLANG_WARN_ENUM_CONVERSION = YES;
				CLANG_WARN_INFINITE_RECURSION = YES;
				CLANG_WARN_INT_CONVERSION = YES;
				CLANG_WARN_NON_LITERAL_NULL_CONVERSION = YES;
				CLANG_WARN_OBJC_IMPLICIT_RETAIN_SELF = YES;
				CLANG_WARN_OBJC_LITERAL_CONVERSION = YES;
				CLANG_WARN_OBJC_ROOT_CLASS = YES_ERROR;
				CLANG_WARN_QUOTED_INCLUDE_IN_FRAMEWORK_HEADER = YES;
				CLANG_WARN_RANGE_LOOP_ANALYSIS = YES;
				CLANG_WARN_STRICT_PROTOTYPES = YES;
				CLANG_WARN_SUSPICIOUS_MOVE = YES;
				CLANG_WARN_UNGUARDED_AVAILABILITY = YES_AGGRESSIVE;
				CLANG_WARN_UNREACHABLE_CODE = YES;
				CLANG_WARN__DUPLICATE_METHOD_MATCH = YES;
				COPY_PHASE_STRIP = NO;
				DEBUG_INFORMATION_FORMAT = dwarf;
				DEVELOPMENT_TEAM = 3AKYN8H497;
				ENABLE_STRICT_OBJC_MSGSEND = YES;
				ENABLE_TESTABILITY = YES;
				ENABLE_USER_SCRIPT_SANDBOXING = YES;
				GCC_C_LANGUAGE_STANDARD = gnu17;
				GCC_DYNAMIC_NO_PIC = NO;
				GCC_NO_COMMON_BLOCKS = YES;
				GCC_OPTIMIZATION_LEVEL = 0;
				GCC_PREPROCESSOR_DEFINITIONS = (
					"DEBUG=1",
					"$(inherited)",
				);
				GCC_WARN_64_TO_32_BIT_CONVERSION = YES;
				GCC_WARN_ABOUT_RETURN_TYPE = YES_ERROR;
				GCC_WARN_UNDECLARED_SELECTOR = YES;
				GCC_WARN_UNINITIALIZED_AUTOS = YES_AGGRESSIVE;
				GCC_WARN_UNUSED_FUNCTION = YES;
				GCC_WARN_UNUSED_VARIABLE = YES;
				IPHONEOS_DEPLOYMENT_TARGET = 17.0;
				LOCALIZATION_PREFERS_STRING_CATALOGS = YES;
				MTL_ENABLE_DEBUG_INFO = INCLUDE_SOURCE;
				MTL_FAST_MATH = YES;
				ONLY_ACTIVE_ARCH = YES;
				SDKROOT = iphoneos;
				STRING_CATALOG_GENERATE_SYMBOLS = YES;
				SWIFT_ACTIVE_COMPILATION_CONDITIONS = "DEBUG $(inherited)";
				SWIFT_OPTIMIZATION_LEVEL = "-Onone";
			};
			name = Debug;
		};
		CFG_REL /* Release */ = {
			isa = XCBuildConfiguration;
			buildSettings = {
				ALWAYS_SEARCH_USER_PATHS = NO;
				ASSETCATALOG_COMPILER_GENERATE_SWIFT_ASSET_SYMBOL_EXTENSIONS = YES;
				CLANG_ANALYZER_NONNULL = YES;
				CLANG_ANALYZER_NUMBER_OBJECT_CONVERSION = YES_AGGRESSIVE;
				CLANG_CXX_LANGUAGE_STANDARD = "gnu++20";
				CLANG_ENABLE_MODULES = YES;
				CLANG_ENABLE_OBJC_ARC = YES;
				CLANG_ENABLE_OBJC_WEAK = YES;
				CLANG_WARN_BLOCK_CAPTURE_AUTORELEASING = YES;
				CLANG_WARN_BOOL_CONVERSION = YES;
				CLANG_WARN_COMMA = YES;
				CLANG_WARN_CONSTANT_CONVERSION = YES;
				CLANG_WARN_DEPRECATED_OBJC_IMPLEMENTATIONS = YES;
				CLANG_WARN_DIRECT_OBJC_ISA_USAGE = YES_ERROR;
				CLANG_WARN_DOCUMENTATION_COMMENTS = YES;
				CLANG_WARN_EMPTY_BODY = YES;
				CLANG_WARN_ENUM_CONVERSION = YES;
				CLANG_WARN_INFINITE_RECURSION = YES;
				CLANG_WARN_INT_CONVERSION = YES;
				CLANG_WARN_NON_LITERAL_NULL_CONVERSION = YES;
				CLANG_WARN_OBJC_IMPLICIT_RETAIN_SELF = YES;
				CLANG_WARN_OBJC_LITERAL_CONVERSION = YES;
				CLANG_WARN_OBJC_ROOT_CLASS = YES_ERROR;
				CLANG_WARN_QUOTED_INCLUDE_IN_FRAMEWORK_HEADER = YES;
				CLANG_WARN_RANGE_LOOP_ANALYSIS = YES;
				CLANG_WARN_STRICT_PROTOTYPES = YES;
				CLANG_WARN_SUSPICIOUS_MOVE = YES;
				CLANG_WARN_UNGUARDED_AVAILABILITY = YES_AGGRESSIVE;
				CLANG_WARN_UNREACHABLE_CODE = YES;
				CLANG_WARN__DUPLICATE_METHOD_MATCH = YES;
				COPY_PHASE_STRIP = NO;
				DEBUG_INFORMATION_FORMAT = "dwarf-with-dsym";
				DEVELOPMENT_TEAM = 3AKYN8H497;
				ENABLE_NS_ASSERTIONS = NO;
				ENABLE_STRICT_OBJC_MSGSEND = YES;
				ENABLE_USER_SCRIPT_SANDBOXING = YES;
				GCC_C_LANGUAGE_STANDARD = gnu17;
				GCC_NO_COMMON_BLOCKS = YES;
				GCC_WARN_64_TO_32_BIT_CONVERSION = YES;
				GCC_WARN_ABOUT_RETURN_TYPE = YES_ERROR;
				GCC_WARN_UNDECLARED_SELECTOR = YES;
				GCC_WARN_UNINITIALIZED_AUTOS = YES_AGGRESSIVE;
				GCC_WARN_UNUSED_FUNCTION = YES;
				GCC_WARN_UNUSED_VARIABLE = YES;
				IPHONEOS_DEPLOYMENT_TARGET = 17.0;
				LOCALIZATION_PREFERS_STRING_CATALOGS = YES;
				MTL_ENABLE_DEBUG_INFO = NO;
				MTL_FAST_MATH = YES;
				SDKROOT = iphoneos;
				STRING_CATALOG_GENERATE_SYMBOLS = YES;
				SWIFT_COMPILATION_MODE = wholemodule;
				VALIDATE_PRODUCT = YES;
			};
			name = Release;
		};
		CFG_TGT_DBG /* Debug */ = {
			isa = XCBuildConfiguration;
			buildSettings = {
				ASSETCATALOG_COMPILER_APPICON_NAME = AppIcon;
				ASSETCATALOG_COMPILER_GLOBAL_ACCENT_COLOR_NAME = AccentColor;
				CODE_SIGN_IDENTITY = "Apple Development";
				CODE_SIGN_STYLE = Automatic;
				CURRENT_PROJECT_VERSION = 1;
				DEVELOPMENT_TEAM = UV8G23HN8L;
				GENERATE_INFOPLIST_FILE = YES;
				INFOPLIST_FILE = NextlynScan/Info.plist;
				INFOPLIST_KEY_CFBundleDisplayName = "Nextlyn Scan";
				INFOPLIST_KEY_NSCameraUsageDescription = "Camera access is required to scan your room using LiDAR technology";
				INFOPLIST_KEY_UIApplicationSupportsIndirectInputEvents = YES;
				INFOPLIST_KEY_UIRequiredDeviceCapabilities = "arm64 arkit";
				INFOPLIST_KEY_UISupportedInterfaceOrientations = UIInterfaceOrientationPortrait;
				INFOPLIST_KEY_UISupportedInterfaceOrientations_iPad = "UIInterfaceOrientationPortrait UIInterfaceOrientationPortraitUpsideDown UIInterfaceOrientationLandscapeLeft UIInterfaceOrientationLandscapeRight";
				LD_RUNPATH_SEARCH_PATHS = (
					"$(inherited)",
					"@executable_path/Frameworks",
				);
				MARKETING_VERSION = 1.0;
				PRODUCT_BUNDLE_IDENTIFIER = com.nextlynllc.cabinethub;
				PRODUCT_NAME = "$(TARGET_NAME)";
				PROVISIONING_PROFILE_SPECIFIER = "";
				SUPPORTED_PLATFORMS = "iphoneos iphonesimulator";
				SUPPORTS_MACCATALYST = NO;
				SUPPORTS_MAC_DESIGNED_FOR_IPHONE_IPAD = NO;
				SWIFT_EMIT_LOC_STRINGS = YES;
				SWIFT_VERSION = 5.0;
				TARGETED_DEVICE_FAMILY = "1,2";
			};
			name = Debug;
		};
		CFG_TGT_REL /* Release */ = {
			isa = XCBuildConfiguration;
			buildSettings = {
				ASSETCATALOG_COMPILER_APPICON_NAME = AppIcon;
				ASSETCATALOG_COMPILER_GLOBAL_ACCENT_COLOR_NAME = AccentColor;
				CODE_SIGN_IDENTITY = "Apple Development";
				CODE_SIGN_STYLE = Automatic;
				CURRENT_PROJECT_VERSION = 1;
				DEVELOPMENT_TEAM = UV8G23HN8L;
				GENERATE_INFOPLIST_FILE = YES;
				INFOPLIST_FILE = NextlynScan/Info.plist;
				INFOPLIST_KEY_CFBundleDisplayName = "Nextlyn Scan";
				INFOPLIST_KEY_NSCameraUsageDescription = "Camera access is required to scan your room using LiDAR technology";
				INFOPLIST_KEY_UIApplicationSupportsIndirectInputEvents = YES;
				INFOPLIST_KEY_UIRequiredDeviceCapabilities = "arm64 arkit";
				INFOPLIST_KEY_UISupportedInterfaceOrientations = UIInterfaceOrientationPortrait;
				INFOPLIST_KEY_UISupportedInterfaceOrientations_iPad = "UIInterfaceOrientationPortrait UIInterfaceOrientationPortraitUpsideDown UIInterfaceOrientationLandscapeLeft UIInterfaceOrientationLandscapeRight";
				LD_RUNPATH_SEARCH_PATHS = (
					"$(inherited)",
					"@executable_path/Frameworks",
				);
				MARKETING_VERSION = 1.0;
				PRODUCT_BUNDLE_IDENTIFIER = com.nextlynllc.cabinethub;
				PRODUCT_NAME = "$(TARGET_NAME)";
				PROVISIONING_PROFILE_SPECIFIER = "";
				SUPPORTED_PLATFORMS = "iphoneos iphonesimulator";
				SUPPORTS_MACCATALYST = NO;
				SUPPORTS_MAC_DESIGNED_FOR_IPHONE_IPAD = NO;
				SWIFT_EMIT_LOC_STRINGS = YES;
				SWIFT_VERSION = 5.0;
				TARGETED_DEVICE_FAMILY = "1,2";
			};
			name = Release;
		};
/* End XCBuildConfiguration section */

/* Begin XCConfigurationList section */
		CFG_LST001 /* Build configuration list for PBXNativeTarget "NextlynScan" */ = {
			isa = XCConfigurationList;
			buildConfigurations = (
				CFG_TGT_DBG /* Debug */,
				CFG_TGT_REL /* Release */,
			);
			defaultConfigurationIsVisible = 0;
			defaultConfigurationName = Release;
		};
		CFG_LST_PRJ /* Build configuration list for PBXProject "NextlynScan" */ = {
			isa = XCConfigurationList;
			buildConfigurations = (
				CFG_DBG /* Debug */,
				CFG_REL /* Release */,
			);
			defaultConfigurationIsVisible = 0;
			defaultConfigurationName = Release;
		};
/* End XCConfigurationList section */
	};
	rootObject = PRJ001 /* Project object */;
}
